// !$*UTF8*$!
{
	archiveVersion = 1;
	classes = {
	};
	objectVersion = 51;
	objects = {

/* Begin PBXBuildFile section */
		588922D27F1C5804DBB66EBE /* Pods_Photos.framework in Frameworks */ = {isa = PBXBuildFile; fileRef = 185A0B73FB6F4C6754BB855C /* Pods_Photos.framework */; };
		DD6C8A6B24D8232F00CB362B /* AppDelegate.swift in Sources */ = {isa = PBXBuildFile; fileRef = DD6C8A6A24D8232F00CB362B /* AppDelegate.swift */; };
		DD6C8A6D24D8232F00CB362B /* SceneDelegate.swift in Sources */ = {isa = PBXBuildFile; fileRef = DD6C8A6C24D8232F00CB362B /* SceneDelegate.swift */; };
		DD6C8A6F24D8232F00CB362B /* WelcomeViewController.swift in Sources */ = {isa = PBXBuildFile; fileRef = DD6C8A6E24D8232F00CB362B /* WelcomeViewController.swift */; };
		DD6C8A7424D8233500CB362B /* Assets.xcassets in Resources */ = {isa = PBXBuildFile; fileRef = DD6C8A7324D8233500CB362B /* Assets.xcassets */; };
		DD6C8A7724D8233500CB362B /* LaunchScreen.storyboard in Resources */ = {isa = PBXBuildFile; fileRef = DD6C8A7524D8233500CB362B /* LaunchScreen.storyboard */; };
		DD6C8A7F24D823D200CB362B /* Main.storyboard in Resources */ = {isa = PBXBuildFile; fileRef = DD6C8A7E24D823D200CB362B /* Main.storyboard */; };
		DD6C8A8324D8259100CB362B /* RegisterViewController.swift in Sources */ = {isa = PBXBuildFile; fileRef = DD6C8A8224D8259100CB362B /* RegisterViewController.swift */; };
		DD6C8A8524D825A800CB362B /* LoginViewController.swift in Sources */ = {isa = PBXBuildFile; fileRef = DD6C8A8424D825A800CB362B /* LoginViewController.swift */; };
		DD6C8A8724D825C800CB362B /* PhotoListViewController.swift in Sources */ = {isa = PBXBuildFile; fileRef = DD6C8A8624D825C800CB362B /* PhotoListViewController.swift */; };
		DD6C8A8D24D838E100CB362B /* CategoryCell.swift in Sources */ = {isa = PBXBuildFile; fileRef = DD6C8A8C24D838E100CB362B /* CategoryCell.swift */; };
		DD6C8A8F24D839B700CB362B /* PixabayData.swift in Sources */ = {isa = PBXBuildFile; fileRef = DD6C8A8E24D839B700CB362B /* PixabayData.swift */; };
		DD6C8A9324D8458700CB362B /* GoogleService-Info.plist in Resources */ = {isa = PBXBuildFile; fileRef = DD6C8A9224D8458700CB362B /* GoogleService-Info.plist */; };
		DD866EF524D9EF7F00C9D3A1 /* AlbumViewController.swift in Sources */ = {isa = PBXBuildFile; fileRef = DD866EF424D9EF7F00C9D3A1 /* AlbumViewController.swift */; };
		DD866EF724D9EFB200C9D3A1 /* PhotoCell.swift in Sources */ = {isa = PBXBuildFile; fileRef = DD866EF624D9EFB200C9D3A1 /* PhotoCell.swift */; };
/* End PBXBuildFile section */

/* Begin PBXFileReference section */
		185A0B73FB6F4C6754BB855C /* Pods_Photos.framework */ = {isa = PBXFileReference; explicitFileType = wrapper.framework; includeInIndex = 0; path = Pods_Photos.framework; sourceTree = BUILT_PRODUCTS_DIR; };
		766EB0F45B979CD4C99A90F8 /* Pods-Photos.release.xcconfig */ = {isa = PBXFileReference; includeInIndex = 1; lastKnownFileType = text.xcconfig; name = "Pods-Photos.release.xcconfig"; path = "Target Support Files/Pods-Photos/Pods-Photos.release.xcconfig"; sourceTree = "<group>"; };
		DD6C8A6724D8232F00CB362B /* Photos.app */ = {isa = PBXFileReference; explicitFileType = wrapper.application; includeInIndex = 0; path = Photos.app; sourceTree = BUILT_PRODUCTS_DIR; };
		DD6C8A6A24D8232F00CB362B /* AppDelegate.swift */ = {isa = PBXFileReference; lastKnownFileType = sourcecode.swift; path = AppDelegate.swift; sourceTree = "<group>"; };
		DD6C8A6C24D8232F00CB362B /* SceneDelegate.swift */ = {isa = PBXFileReference; lastKnownFileType = sourcecode.swift; path = SceneDelegate.swift; sourceTree = "<group>"; };
		DD6C8A6E24D8232F00CB362B /* WelcomeViewController.swift */ = {isa = PBXFileReference; lastKnownFileType = sourcecode.swift; path = WelcomeViewController.swift; sourceTree = "<group>"; };
		DD6C8A7324D8233500CB362B /* Assets.xcassets */ = {isa = PBXFileReference; lastKnownFileType = folder.assetcatalog; path = Assets.xcassets; sourceTree = "<group>"; };
		DD6C8A7624D8233500CB362B /* Base */ = {isa = PBXFileReference; lastKnownFileType = file.storyboard; name = Base; path = Base.lproj/LaunchScreen.storyboard; sourceTree = "<group>"; };
		DD6C8A7824D8233600CB362B /* Info.plist */ = {isa = PBXFileReference; lastKnownFileType = text.plist.xml; path = Info.plist; sourceTree = "<group>"; };
		DD6C8A7E24D823D200CB362B /* Main.storyboard */ = {isa = PBXFileReference; fileEncoding = 4; lastKnownFileType = file.storyboard; path = Main.storyboard; sourceTree = "<group>"; };
		DD6C8A8224D8259100CB362B /* RegisterViewController.swift */ = {isa = PBXFileReference; lastKnownFileType = sourcecode.swift; path = RegisterViewController.swift; sourceTree = "<group>"; };
		DD6C8A8424D825A800CB362B /* LoginViewController.swift */ = {isa = PBXFileReference; lastKnownFileType = sourcecode.swift; path = LoginViewController.swift; sourceTree = "<group>"; };
		DD6C8A8624D825C800CB362B /* PhotoListViewController.swift */ = {isa = PBXFileReference; lastKnownFileType = sourcecode.swift; path = PhotoListViewController.swift; sourceTree = "<group>"; };
		DD6C8A8C24D838E100CB362B /* CategoryCell.swift */ = {isa = PBXFileReference; lastKnownFileType = sourcecode.swift; path = CategoryCell.swift; sourceTree = "<group>"; };
		DD6C8A8E24D839B700CB362B /* PixabayData.swift */ = {isa = PBXFileReference; lastKnownFileType = sourcecode.swift; path = PixabayData.swift; sourceTree = "<group>"; };
		DD6C8A9224D8458700CB362B /* GoogleService-Info.plist */ = {isa = PBXFileReference; fileEncoding = 4; lastKnownFileType = text.plist.xml; path = "GoogleService-Info.plist"; sourceTree = "<group>"; };
		DD866EF424D9EF7F00C9D3A1 /* AlbumViewController.swift */ = {isa = PBXFileReference; lastKnownFileType = sourcecode.swift; path = AlbumViewController.swift; sourceTree = "<group>"; };
		DD866EF624D9EFB200C9D3A1 /* PhotoCell.swift */ = {isa = PBXFileReference; lastKnownFileType = sourcecode.swift; path = PhotoCell.swift; sourceTree = "<group>"; };
		F96B834C715EDEB3349CB793 /* Pods-Photos.debug.xcconfig */ = {isa = PBXFileReference; includeInIndex = 1; lastKnownFileType = text.xcconfig; name = "Pods-Photos.debug.xcconfig"; path = "Target Support Files/Pods-Photos/Pods-Photos.debug.xcconfig"; sourceTree = "<group>"; };
/* End PBXFileReference section */

/* Begin PBXFrameworksBuildPhase section */
		DD6C8A6424D8232F00CB362B /* Frameworks */ = {
			isa = PBXFrameworksBuildPhase;
			buildActionMask = 2147483647;
			files = (
				588922D27F1C5804DBB66EBE /* Pods_Photos.framework in Frameworks */,
			);
			runOnlyForDeploymentPostprocessing = 0;
		};
/* End PBXFrameworksBuildPhase section */

/* Begin PBXGroup section */
		3D3E3716E3B51B09F8484A3B /* Pods */ = {
			isa = PBXGroup;
			children = (
				F96B834C715EDEB3349CB793 /* Pods-Photos.debug.xcconfig */,
				766EB0F45B979CD4C99A90F8 /* Pods-Photos.release.xcconfig */,
			);
			path = Pods;
			sourceTree = "<group>";
		};
		BE4DA2BB8DCDADB54B04AEE1 /* Frameworks */ = {
			isa = PBXGroup;
			children = (
				185A0B73FB6F4C6754BB855C /* Pods_Photos.framework */,
			);
			name = Frameworks;
			sourceTree = "<group>";
		};
		DD6C8A5E24D8232F00CB362B = {
			isa = PBXGroup;
			children = (
				DD6C8A6924D8232F00CB362B /* Photos */,
				DD6C8A6824D8232F00CB362B /* Products */,
				3D3E3716E3B51B09F8484A3B /* Pods */,
				BE4DA2BB8DCDADB54B04AEE1 /* Frameworks */,
			);
			sourceTree = "<group>";
		};
		DD6C8A6824D8232F00CB362B /* Products */ = {
			isa = PBXGroup;
			children = (
				DD6C8A6724D8232F00CB362B /* Photos.app */,
			);
			name = Products;
			sourceTree = "<group>";
		};
		DD6C8A6924D8232F00CB362B /* Photos */ = {
			isa = PBXGroup;
			children = (
				DD6C8A6A24D8232F00CB362B /* AppDelegate.swift */,
				DD6C8A6C24D8232F00CB362B /* SceneDelegate.swift */,
				DD866EFA24D9F34B00C9D3A1 /* DataModel */,
				DD6C8A8B24D831E200CB362B /* View */,
				DD6C8A8824D82B1200CB362B /* Controllers */,
				DD6C8A7324D8233500CB362B /* Assets.xcassets */,
				DD6C8A9224D8458700CB362B /* GoogleService-Info.plist */,
				DD6C8A7524D8233500CB362B /* LaunchScreen.storyboard */,
				DD6C8A7824D8233600CB362B /* Info.plist */,
			);
			path = Photos;
			sourceTree = "<group>";
		};
		DD6C8A8824D82B1200CB362B /* Controllers */ = {
			isa = PBXGroup;
			children = (
				DD866EF824D9F0EE00C9D3A1 /* IntitializationControllers */,
				DD6C8A8624D825C800CB362B /* PhotoListViewController.swift */,
				DD866EF424D9EF7F00C9D3A1 /* AlbumViewController.swift */,
			);
			path = Controllers;
			sourceTree = "<group>";
		};
		DD6C8A8B24D831E200CB362B /* View */ = {
			isa = PBXGroup;
			children = (
				DD6C8A7E24D823D200CB362B /* Main.storyboard */,
				DD866EF924D9F11300C9D3A1 /* Cells */,
			);
			path = View;
			sourceTree = "<group>";
		};
		DD866EF824D9F0EE00C9D3A1 /* IntitializationControllers */ = {
			isa = PBXGroup;
			children = (
				DD6C8A6E24D8232F00CB362B /* WelcomeViewController.swift */,
				DD6C8A8224D8259100CB362B /* RegisterViewController.swift */,
				DD6C8A8424D825A800CB362B /* LoginViewController.swift */,
			);
			path = IntitializationControllers;
			sourceTree = "<group>";
		};
		DD866EF924D9F11300C9D3A1 /* Cells */ = {
			isa = PBXGroup;
			children = (
				DD866EF624D9EFB200C9D3A1 /* PhotoCell.swift */,
				DD6C8A8C24D838E100CB362B /* CategoryCell.swift */,
			);
			path = Cells;
			sourceTree = "<group>";
		};
		DD866EFA24D9F34B00C9D3A1 /* DataModel */ = {
			isa = PBXGroup;
			children = (
				DD6C8A8E24D839B700CB362B /* PixabayData.swift */,
			);
			path = DataModel;
			sourceTree = "<group>";
		};
/* End PBXGroup section */

/* Begin PBXNativeTarget section */
		DD6C8A6624D8232F00CB362B /* Photos */ = {
			isa = PBXNativeTarget;
			buildConfigurationList = DD6C8A7B24D8233600CB362B /* Build configuration list for PBXNativeTarget "Photos" */;
			buildPhases = (
				9167633FE48166CA4CD2EE7A /* [CP] Check Pods Manifest.lock */,
				DD6C8A6324D8232F00CB362B /* Sources */,
				DD6C8A6424D8232F00CB362B /* Frameworks */,
				DD6C8A6524D8232F00CB362B /* Resources */,
				6A2D673842299C55C72323E3 /* [CP] Embed Pods Frameworks */,
			);
			buildRules = (
			);
			dependencies = (
			);
			name = Photos;
			productName = Photos;
			productReference = DD6C8A6724D8232F00CB362B /* Photos.app */;
			productType = "com.apple.product-type.application";
		};
/* End PBXNativeTarget section */

/* Begin PBXProject section */
		DD6C8A5F24D8232F00CB362B /* Project object */ = {
			isa = PBXProject;
			attributes = {
				LastSwiftUpdateCheck = 1130;
				LastUpgradeCheck = 1130;
				ORGANIZATIONNAME = "Vladimir Kovalenko";
				TargetAttributes = {
					DD6C8A6624D8232F00CB362B = {
						CreatedOnToolsVersion = 11.3.1;
					};
				};
			};
			buildConfigurationList = DD6C8A6224D8232F00CB362B /* Build configuration list for PBXProject "Photos" */;
			compatibilityVersion = "Xcode 9.3";
			developmentRegion = en;
			hasScannedForEncodings = 0;
			knownRegions = (
				en,
				Base,
			);
			mainGroup = DD6C8A5E24D8232F00CB362B;
			productRefGroup = DD6C8A6824D8232F00CB362B /* Products */;
			projectDirPath = "";
			projectRoot = "";
			targets = (
				DD6C8A6624D8232F00CB362B /* Photos */,
			);
		};
/* End PBXProject section */

/* Begin PBXResourcesBuildPhase section */
		DD6C8A6524D8232F00CB362B /* Resources */ = {
			isa = PBXResourcesBuildPhase;
			buildActionMask = 2147483647;
			files = (
				DD6C8A7F24D823D200CB362B /* Main.storyboard in Resources */,
				DD6C8A9324D8458700CB362B /* GoogleService-Info.plist in Resources */,
				DD6C8A7724D8233500CB362B /* LaunchScreen.storyboard in Resources */,
				DD6C8A7424D8233500CB362B /* Assets.xcassets in Resources */,
			);
			runOnlyForDeploymentPostprocessing = 0;
		};
/* End PBXResourcesBuildPhase section */

/* Begin PBXShellScriptBuildPhase section */
		6A2D673842299C55C72323E3 /* [CP] Embed Pods Frameworks */ = {
			isa = PBXShellScriptBuildPhase;
			buildActionMask = 2147483647;
			files = (
			);
			inputFileListPaths = (
				"${PODS_ROOT}/Target Support Files/Pods-Photos/Pods-Photos-frameworks-${CONFIGURATION}-input-files.xcfilelist",
			);
			name = "[CP] Embed Pods Frameworks";
			outputFileListPaths = (
				"${PODS_ROOT}/Target Support Files/Pods-Photos/Pods-Photos-frameworks-${CONFIGURATION}-output-files.xcfilelist",
			);
			runOnlyForDeploymentPostprocessing = 0;
			shellPath = /bin/sh;
			shellScript = "\"${PODS_ROOT}/Target Support Files/Pods-Photos/Pods-Photos-frameworks.sh\"\n";
			showEnvVarsInLog = 0;
		};
		9167633FE48166CA4CD2EE7A /* [CP] Check Pods Manifest.lock */ = {
			isa = PBXShellScriptBuildPhase;
			buildActionMask = 2147483647;
			files = (
			);
			inputFileListPaths = (
			);
			inputPaths = (
				"${PODS_PODFILE_DIR_PATH}/Podfile.lock",
				"${PODS_ROOT}/Manifest.lock",
			);
			name = "[CP] Check Pods Manifest.lock";
			outputFileListPaths = (
			);
			outputPaths = (
				"$(DERIVED_FILE_DIR)/Pods-Photos-checkManifestLockResult.txt",
			);
			runOnlyForDeploymentPostprocessing = 0;
			shellPath = /bin/sh;
			shellScript = "diff \"${PODS_PODFILE_DIR_PATH}/Podfile.lock\" \"${PODS_ROOT}/Manifest.lock\" > /dev/null\nif [ $? != 0 ] ; then\n    # print error to STDERR\n    echo \"error: The sandbox is not in sync with the Podfile.lock. Run 'pod install' or update your CocoaPods installation.\" >&2\n    exit 1\nfi\n# This output is used by Xcode 'outputs' to avoid re-running this script phase.\necho \"SUCCESS\" > \"${SCRIPT_OUTPUT_FILE_0}\"\n";
			showEnvVarsInLog = 0;
		};
/* End PBXShellScriptBuildPhase section */

/* Begin PBXSourcesBuildPhase section */
		DD6C8A6324D8232F00CB362B /* Sources */ = {
			isa = PBXSourcesBuildPhase;
			buildActionMask = 2147483647;
			files = (
				DD6C8A6F24D8232F00CB362B /* WelcomeViewController.swift in Sources */,
				DD6C8A6B24D8232F00CB362B /* AppDelegate.swift in Sources */,
				DD6C8A6D24D8232F00CB362B /* SceneDelegate.swift in Sources */,
				DD866EF524D9EF7F00C9D3A1 /* AlbumViewController.swift in Sources */,
				DD6C8A8D24D838E100CB362B /* CategoryCell.swift in Sources */,
				DD6C8A8F24D839B700CB362B /* PixabayData.swift in Sources */,
				DD866EF724D9EFB200C9D3A1 /* PhotoCell.swift in Sources */,
				DD6C8A8524D825A800CB362B /* LoginViewController.swift in Sources */,
				DD6C8A8324D8259100CB362B /* RegisterViewController.swift in Sources */,
				DD6C8A8724D825C800CB362B /* PhotoListViewController.swift in Sources */,
			);
			runOnlyForDeploymentPostprocessing = 0;
		};
/* End PBXSourcesBuildPhase section */

/* Begin PBXVariantGroup section */
		DD6C8A7524D8233500CB362B /* LaunchScreen.storyboard */ = {
			isa = PBXVariantGroup;
			children = (
				DD6C8A7624D8233500CB362B /* Base */,
			);
			name = LaunchScreen.storyboard;
			sourceTree = "<group>";
		};
/* End PBXVariantGroup section */

/* Begin XCBuildConfiguration section */
		DD6C8A7924D8233600CB362B /* Debug */ = {
			isa = XCBuildConfiguration;
			buildSettings = {
				ALWAYS_SEARCH_USER_PATHS = NO;
				CLANG_ANALYZER_NONNULL = YES;
				CLANG_ANALYZER_NUMBER_OBJECT_CONVERSION = YES_AGGRESSIVE;
				CLANG_CXX_LANGUAGE_STANDARD = "gnu++14";
				CLANG_CXX_LIBRARY = "libc++";
				CLANG_ENABLE_MODULES = YES;
				CLANG_ENABLE_OBJC_ARC = YES;
				CLANG_ENABLE_OBJC_WEAK = YES;
				CLANG_WARN_BLOCK_CAPTURE_AUTORELEASING = YES;
				CLANG_WARN_BOOL_CONVERSION = YES;
				CLANG_WARN_COMMA = YES;
				CLANG_WARN_CONSTANT_CONVERSION = YES;
				CLANG_WARN_DEPRECATED_OBJC_IMPLEMENTATIONS = YES;
				CLANG_WARN_DIRECT_OBJC_ISA_USAGE = YES_ERROR;
				CLANG_WARN_DOCUMENTATION_COMMENTS = YES;
				CLANG_WARN_EMPTY_BODY = YES;
				CLANG_WARN_ENUM_CONVERSION = YES;
				CLANG_WARN_INFINITE_RECURSION = YES;
				CLANG_WARN_INT_CONVERSION = YES;
				CLANG_WARN_NON_LITERAL_NULL_CONVERSION = YES;
				CLANG_WARN_OBJC_IMPLICIT_RETAIN_SELF = YES;
				CLANG_WARN_OBJC_LITERAL_CONVERSION = YES;
				CLANG_WARN_OBJC_ROOT_CLASS = YES_ERROR;
				CLANG_WARN_RANGE_LOOP_ANALYSIS = YES;
				CLANG_WARN_STRICT_PROTOTYPES = YES;
				CLANG_WARN_SUSPICIOUS_MOVE = YES;
				CLANG_WARN_UNGUARDED_AVAILABILITY = YES_AGGRESSIVE;
				CLANG_WARN_UNREACHABLE_CODE = YES;
				CLANG_WARN__DUPLICATE_METHOD_MATCH = YES;
				COPY_PHASE_STRIP = NO;
				DEBUG_INFORMATION_FORMAT = dwarf;
				ENABLE_STRICT_OBJC_MSGSEND = YES;
				ENABLE_TESTABILITY = YES;
				GCC_C_LANGUAGE_STANDARD = gnu11;
				GCC_DYNAMIC_NO_PIC = NO;
				GCC_NO_COMMON_BLOCKS = YES;
				GCC_OPTIMIZATION_LEVEL = 0;
				GCC_PREPROCESSOR_DEFINITIONS = (
					"DEBUG=1",
					"$(inherited)",
				);
				GCC_WARN_64_TO_32_BIT_CONVERSION = YES;
				GCC_WARN_ABOUT_RETURN_TYPE = YES_ERROR;
				GCC_WARN_UNDECLARED_SELECTOR = YES;
				GCC_WARN_UNINITIALIZED_AUTOS = YES_AGGRESSIVE;
				GCC_WARN_UNUSED_FUNCTION = YES;
				GCC_WARN_UNUSED_VARIABLE = YES;
				IPHONEOS_DEPLOYMENT_TARGET = 13.2;
				MTL_ENABLE_DEBUG_INFO = INCLUDE_SOURCE;
				MTL_FAST_MATH = YES;
				ONLY_ACTIVE_ARCH = YES;
				SDKROOT = iphoneos;
				SWIFT_ACTIVE_COMPILATION_CONDITIONS = DEBUG;
				SWIFT_OPTIMIZATION_LEVEL = "-Onone";
			};
			name = Debug;
		};
		DD6C8A7A24D8233600CB362B /* Release */ = {
			isa = XCBuildConfiguration;
			buildSettings = {
				ALWAYS_SEARCH_USER_PATHS = NO;
				CLANG_ANALYZER_NONNULL = YES;
				CLANG_ANALYZER_NUMBER_OBJECT_CONVERSION = YES_AGGRESSIVE;
				CLANG_CXX_LANGUAGE_STANDARD = "gnu++14";
				CLANG_CXX_LIBRARY = "libc++";
				CLANG_ENABLE_MODULES = YES;
				CLANG_ENABLE_OBJC_ARC = YES;
				CLANG_ENABLE_OBJC_WEAK = YES;
				CLANG_WARN_BLOCK_CAPTURE_AUTORELEASING = YES;
				CLANG_WARN_BOOL_CONVERSION = YES;
				CLANG_WARN_COMMA = YES;
				CLANG_WARN_CONSTANT_CONVERSION = YES;
				CLANG_WARN_DEPRECATED_OBJC_IMPLEMENTATIONS = YES;
				CLANG_WARN_DIRECT_OBJC_ISA_USAGE = YES_ERROR;
				CLANG_WARN_DOCUMENTATION_COMMENTS = YES;
				CLANG_WARN_EMPTY_BODY = YES;
				CLANG_WARN_ENUM_CONVERSION = YES;
				CLANG_WARN_INFINITE_RECURSION = YES;
				CLANG_WARN_INT_CONVERSION = YES;
				CLANG_WARN_NON_LITERAL_NULL_CONVERSION = YES;
				CLANG_WARN_OBJC_IMPLICIT_RETAIN_SELF = YES;
				CLANG_WARN_OBJC_LITERAL_CONVERSION = YES;
				CLANG_WARN_OBJC_ROOT_CLASS = YES_ERROR;
				CLANG_WARN_RANGE_LOOP_ANALYSIS = YES;
				CLANG_WARN_STRICT_PROTOTYPES = YES;
				CLANG_WARN_SUSPICIOUS_MOVE = YES;
				CLANG_WARN_UNGUARDED_AVAILABILITY = YES_AGGRESSIVE;
				CLANG_WARN_UNREACHABLE_CODE = YES;
				CLANG_WARN__DUPLICATE_METHOD_MATCH = YES;
				COPY_PHASE_STRIP = NO;
				DEBUG_INFORMATION_FORMAT = "dwarf-with-dsym";
				ENABLE_NS_ASSERTIONS = NO;
				ENABLE_STRICT_OBJC_MSGSEND = YES;
				GCC_C_LANGUAGE_STANDARD = gnu11;
				GCC_NO_COMMON_BLOCKS = YES;
				GCC_WARN_64_TO_32_BIT_CONVERSION = YES;
				GCC_WARN_ABOUT_RETURN_TYPE = YES_ERROR;
				GCC_WARN_UNDECLARED_SELECTOR = YES;
				GCC_WARN_UNINITIALIZED_AUTOS = YES_AGGRESSIVE;
				GCC_WARN_UNUSED_FUNCTION = YES;
				GCC_WARN_UNUSED_VARIABLE = YES;
				IPHONEOS_DEPLOYMENT_TARGET = 13.2;
				MTL_ENABLE_DEBUG_INFO = NO;
				MTL_FAST_MATH = YES;
				SDKROOT = iphoneos;
				SWIFT_COMPILATION_MODE = wholemodule;
				SWIFT_OPTIMIZATION_LEVEL = "-O";
				VALIDATE_PRODUCT = YES;
			};
			name = Release;
		};
		DD6C8A7C24D8233600CB362B /* Debug */ = {
			isa = XCBuildConfiguration;
			baseConfigurationReference = F96B834C715EDEB3349CB793 /* Pods-Photos.debug.xcconfig */;
			buildSettings = {
				ASSETCATALOG_COMPILER_APPICON_NAME = AppIcon;
				CODE_SIGN_STYLE = Automatic;
				DEVELOPMENT_TEAM = PR437U27Q7;
				INFOPLIST_FILE = Photos/Info.plist;
				LD_RUNPATH_SEARCH_PATHS = (
					"$(inherited)",
					"@executable_path/Frameworks",
				);
				PRODUCT_BUNDLE_IDENTIFIER = Vladimir.Photos;
				PRODUCT_NAME = "$(TARGET_NAME)";
				SWIFT_VERSION = 5.0;
				TARGETED_DEVICE_FAMILY = "1,2";
			};
			name = Debug;
		};
		DD6C8A7D24D8233600CB362B /* Release */ = {
			isa = XCBuildConfiguration;
			baseConfigurationReference = 766EB0F45B979CD4C99A90F8 /* Pods-Photos.release.xcconfig */;
			buildSettings = {
				ASSETCATALOG_COMPILER_APPICON_NAME = AppIcon;
				CODE_SIGN_STYLE = Automatic;
				DEVELOPMENT_TEAM = PR437U27Q7;
				INFOPLIST_FILE = Photos/Info.plist;
				LD_RUNPATH_SEARCH_PATHS = (
					"$(inherited)",
					"@executable_path/Frameworks",
				);
				PRODUCT_BUNDLE_IDENTIFIER = Vladimir.Photos;
				PRODUCT_NAME = "$(TARGET_NAME)";
				SWIFT_VERSION = 5.0;
				TARGETED_DEVICE_FAMILY = "1,2";
			};
			name = Release;
		};
/* End XCBuildConfiguration section */

/* Begin XCConfigurationList section */
		DD6C8A6224D8232F00CB362B /* Build configuration list for PBXProject "Photos" */ = {
			isa = XCConfigurationList;
			buildConfigurations = (
				DD6C8A7924D8233600CB362B /* Debug */,
				DD6C8A7A24D8233600CB362B /* Release */,
			);
			defaultConfigurationIsVisible = 0;
			defaultConfigurationName = Release;
		};
		DD6C8A7B24D8233600CB362B /* Build configuration list for PBXNativeTarget "Photos" */ = {
			isa = XCConfigurationList;
			buildConfigurations = (
				DD6C8A7C24D8233600CB362B /* Debug */,
				DD6C8A7D24D8233600CB362B /* Release */,
			);
			defaultConfigurationIsVisible = 0;
			defaultConfigurationName = Release;
		};
/* End XCConfigurationList section */
	};
	rootObject = DD6C8A5F24D8232F00CB362B /* Project object */;
}
